// !$*UTF8*$!
{
	archiveVersion = 1;
	classes = {
	};
	objectVersion = 50;
	objects = {

/* Begin PBXBuildFile section */
		294F012E213682C2003857AC /* UIViewExtensions.swift in Sources */ = {isa = PBXBuildFile; fileRef = 294F012D213682C2003857AC /* UIViewExtensions.swift */; };
		294F013021368314003857AC /* Constants.swift in Sources */ = {isa = PBXBuildFile; fileRef = 294F012F21368314003857AC /* Constants.swift */; };
		294F013421374DBE003857AC /* ContainerViewController.swift in Sources */ = {isa = PBXBuildFile; fileRef = 294F013321374DBE003857AC /* ContainerViewController.swift */; };
		29CFF9F72133DB9500128C6F /* AppDelegate.swift in Sources */ = {isa = PBXBuildFile; fileRef = 29CFF9F62133DB9500128C6F /* AppDelegate.swift */; };
		29CFF9FC2133DB9500128C6F /* Main.storyboard in Resources */ = {isa = PBXBuildFile; fileRef = 29CFF9FA2133DB9500128C6F /* Main.storyboard */; };
		29CFF9FE2133DB9C00128C6F /* Assets.xcassets in Resources */ = {isa = PBXBuildFile; fileRef = 29CFF9FD2133DB9C00128C6F /* Assets.xcassets */; };
		29CFFA012133DB9C00128C6F /* LaunchScreen.storyboard in Resources */ = {isa = PBXBuildFile; fileRef = 29CFF9FF2133DB9C00128C6F /* LaunchScreen.storyboard */; };
		29CFFA092133DC0300128C6F /* ToDoItem.swift in Sources */ = {isa = PBXBuildFile; fileRef = 29CFFA082133DC0300128C6F /* ToDoItem.swift */; };
		29CFFA0B2133DDB000128C6F /* DataManager.swift in Sources */ = {isa = PBXBuildFile; fileRef = 29CFFA0A2133DDB000128C6F /* DataManager.swift */; };
		29CFFA0F2133FA9200128C6F /* ToDoTableViewController.swift in Sources */ = {isa = PBXBuildFile; fileRef = 29CFFA0E2133FA9200128C6F /* ToDoTableViewController.swift */; };
		29CFFA112133FAE300128C6F /* ToDoTableViewCell.swift in Sources */ = {isa = PBXBuildFile; fileRef = 29CFFA102133FAE300128C6F /* ToDoTableViewCell.swift */; };
/* End PBXBuildFile section */

/* Begin PBXFileReference section */
		294F012D213682C2003857AC /* UIViewExtensions.swift */ = {isa = PBXFileReference; lastKnownFileType = sourcecode.swift; path = UIViewExtensions.swift; sourceTree = "<group>"; };
		294F012F21368314003857AC /* Constants.swift */ = {isa = PBXFileReference; lastKnownFileType = sourcecode.swift; path = Constants.swift; sourceTree = "<group>"; };
		294F013321374DBE003857AC /* ContainerViewController.swift */ = {isa = PBXFileReference; lastKnownFileType = sourcecode.swift; path = ContainerViewController.swift; sourceTree = "<group>"; };
		29CFF9F32133DB9500128C6F /* Ginger.app */ = {isa = PBXFileReference; explicitFileType = wrapper.application; includeInIndex = 0; path = Ginger.app; sourceTree = BUILT_PRODUCTS_DIR; };
		29CFF9F62133DB9500128C6F /* AppDelegate.swift */ = {isa = PBXFileReference; lastKnownFileType = sourcecode.swift; path = AppDelegate.swift; sourceTree = "<group>"; };
		29CFF9FB2133DB9500128C6F /* Base */ = {isa = PBXFileReference; lastKnownFileType = file.storyboard; name = Base; path = Base.lproj/Main.storyboard; sourceTree = "<group>"; };
		29CFF9FD2133DB9C00128C6F /* Assets.xcassets */ = {isa = PBXFileReference; lastKnownFileType = folder.assetcatalog; path = Assets.xcassets; sourceTree = "<group>"; };
		29CFFA002133DB9C00128C6F /* Base */ = {isa = PBXFileReference; lastKnownFileType = file.storyboard; name = Base; path = Base.lproj/LaunchScreen.storyboard; sourceTree = "<group>"; };
		29CFFA022133DB9C00128C6F /* Info.plist */ = {isa = PBXFileReference; lastKnownFileType = text.plist.xml; path = Info.plist; sourceTree = "<group>"; };
		29CFFA082133DC0300128C6F /* ToDoItem.swift */ = {isa = PBXFileReference; lastKnownFileType = sourcecode.swift; path = ToDoItem.swift; sourceTree = "<group>"; };
		29CFFA0A2133DDB000128C6F /* DataManager.swift */ = {isa = PBXFileReference; lastKnownFileType = sourcecode.swift; path = DataManager.swift; sourceTree = "<group>"; };
		29CFFA0E2133FA9200128C6F /* ToDoTableViewController.swift */ = {isa = PBXFileReference; lastKnownFileType = sourcecode.swift; path = ToDoTableViewController.swift; sourceTree = "<group>"; };
		29CFFA102133FAE300128C6F /* ToDoTableViewCell.swift */ = {isa = PBXFileReference; lastKnownFileType = sourcecode.swift; path = ToDoTableViewCell.swift; sourceTree = "<group>"; };
/* End PBXFileReference section */

/* Begin PBXFrameworksBuildPhase section */
		29CFF9F02133DB9500128C6F /* Frameworks */ = {
			isa = PBXFrameworksBuildPhase;
			buildActionMask = 2147483647;
			files = (
			);
			runOnlyForDeploymentPostprocessing = 0;
		};
/* End PBXFrameworksBuildPhase section */

/* Begin PBXGroup section */
		29CFF9EA2133DB9500128C6F = {
			isa = PBXGroup;
			children = (
				29CFF9F52133DB9500128C6F /* Ginger */,
				29CFF9F42133DB9500128C6F /* Products */,
			);
			sourceTree = "<group>";
		};
		29CFF9F42133DB9500128C6F /* Products */ = {
			isa = PBXGroup;
			children = (
				29CFF9F32133DB9500128C6F /* Ginger.app */,
			);
			name = Products;
			sourceTree = "<group>";
		};
		29CFF9F52133DB9500128C6F /* Ginger */ = {
			isa = PBXGroup;
			children = (
				29CFF9F62133DB9500128C6F /* AppDelegate.swift */,
				294F013321374DBE003857AC /* ContainerViewController.swift */,
				29CFFA102133FAE300128C6F /* ToDoTableViewCell.swift */,
				29CFFA0E2133FA9200128C6F /* ToDoTableViewController.swift */,
				29CFFA082133DC0300128C6F /* ToDoItem.swift */,
				29CFFA0A2133DDB000128C6F /* DataManager.swift */,
				29CFF9FA2133DB9500128C6F /* Main.storyboard */,
				29CFF9FD2133DB9C00128C6F /* Assets.xcassets */,
				29CFF9FF2133DB9C00128C6F /* LaunchScreen.storyboard */,
				29CFFA022133DB9C00128C6F /* Info.plist */,
				294F012D213682C2003857AC /* UIViewExtensions.swift */,
				294F012F21368314003857AC /* Constants.swift */,
			);
			path = Ginger;
			sourceTree = "<group>";
		};
/* End PBXGroup section */

/* Begin PBXNativeTarget section */
		29CFF9F22133DB9500128C6F /* Ginger */ = {
			isa = PBXNativeTarget;
			buildConfigurationList = 29CFFA052133DB9C00128C6F /* Build configuration list for PBXNativeTarget "Ginger" */;
			buildPhases = (
				29CFF9EF2133DB9500128C6F /* Sources */,
				29CFF9F02133DB9500128C6F /* Frameworks */,
				29CFF9F12133DB9500128C6F /* Resources */,
			);
			buildRules = (
			);
			dependencies = (
			);
			name = Ginger;
			productName = Ginger;
			productReference = 29CFF9F32133DB9500128C6F /* Ginger.app */;
			productType = "com.apple.product-type.application";
		};
/* End PBXNativeTarget section */

/* Begin PBXProject section */
		29CFF9EB2133DB9500128C6F /* Project object */ = {
			isa = PBXProject;
			attributes = {
				LastSwiftUpdateCheck = 0930;
				LastUpgradeCheck = 0930;
				ORGANIZATIONNAME = "Sabrina Ren";
				TargetAttributes = {
					29CFF9F22133DB9500128C6F = {
						CreatedOnToolsVersion = 9.3.1;
					};
				};
			};
			buildConfigurationList = 29CFF9EE2133DB9500128C6F /* Build configuration list for PBXProject "Ginger" */;
			compatibilityVersion = "Xcode 9.3";
			developmentRegion = en;
			hasScannedForEncodings = 0;
			knownRegions = (
				en,
				Base,
			);
			mainGroup = 29CFF9EA2133DB9500128C6F;
			productRefGroup = 29CFF9F42133DB9500128C6F /* Products */;
			projectDirPath = "";
			projectRoot = "";
			targets = (
				29CFF9F22133DB9500128C6F /* Ginger */,
			);
		};
/* End PBXProject section */

/* Begin PBXResourcesBuildPhase section */
		29CFF9F12133DB9500128C6F /* Resources */ = {
			isa = PBXResourcesBuildPhase;
			buildActionMask = 2147483647;
			files = (
				29CFFA012133DB9C00128C6F /* LaunchScreen.storyboard in Resources */,
				29CFF9FE2133DB9C00128C6F /* Assets.xcassets in Resources */,
				29CFF9FC2133DB9500128C6F /* Main.storyboard in Resources */,
			);
			runOnlyForDeploymentPostprocessing = 0;
		};
/* End PBXResourcesBuildPhase section */

/* Begin PBXSourcesBuildPhase section */
		29CFF9EF2133DB9500128C6F /* Sources */ = {
			isa = PBXSourcesBuildPhase;
			buildActionMask = 2147483647;
			files = (
				29CFFA0B2133DDB000128C6F /* DataManager.swift in Sources */,
				29CFF9F72133DB9500128C6F /* AppDelegate.swift in Sources */,
				294F013421374DBE003857AC /* ContainerViewController.swift in Sources */,
				29CFFA092133DC0300128C6F /* ToDoItem.swift in Sources */,
				29CFFA0F2133FA9200128C6F /* ToDoTableViewController.swift in Sources */,
				294F013021368314003857AC /* Constants.swift in Sources */,
				294F012E213682C2003857AC /* UIViewExtensions.swift in Sources */,
				29CFFA112133FAE300128C6F /* ToDoTableViewCell.swift in Sources */,
			);
			runOnlyForDeploymentPostprocessing = 0;
		};
/* End PBXSourcesBuildPhase section */

/* Begin PBXVariantGroup section */
		29CFF9FA2133DB9500128C6F /* Main.storyboard */ = {
			isa = PBXVariantGroup;
			children = (
				29CFF9FB2133DB9500128C6F /* Base */,
			);
			name = Main.storyboard;
			sourceTree = "<group>";
		};
		29CFF9FF2133DB9C00128C6F /* LaunchScreen.storyboard */ = {
			isa = PBXVariantGroup;
			children = (
				29CFFA002133DB9C00128C6F /* Base */,
			);
			name = LaunchScreen.storyboard;
			sourceTree = "<group>";
		};
/* End PBXVariantGroup section */

/* Begin XCBuildConfiguration section */
		29CFFA032133DB9C00128C6F /* Debug */ = {
			isa = XCBuildConfiguration;
			buildSettings = {
				ALWAYS_SEARCH_USER_PATHS = NO;
				CLANG_ANALYZER_NONNULL = YES;
				CLANG_ANALYZER_NUMBER_OBJECT_CONVERSION = YES_AGGRESSIVE;
				CLANG_CXX_LANGUAGE_STANDARD = "gnu++14";
				CLANG_CXX_LIBRARY = "libc++";
				CLANG_ENABLE_MODULES = YES;
				CLANG_ENABLE_OBJC_ARC = YES;
				CLANG_ENABLE_OBJC_WEAK = YES;
				CLANG_WARN_BLOCK_CAPTURE_AUTORELEASING = YES;
				CLANG_WARN_BOOL_CONVERSION = YES;
				CLANG_WARN_COMMA = YES;
				CLANG_WARN_CONSTANT_CONVERSION = YES;
				CLANG_WARN_DEPRECATED_OBJC_IMPLEMENTATIONS = YES;
				CLANG_WARN_DIRECT_OBJC_ISA_USAGE = YES_ERROR;
				CLANG_WARN_DOCUMENTATION_COMMENTS = YES;
				CLANG_WARN_EMPTY_BODY = YES;
				CLANG_WARN_ENUM_CONVERSION = YES;
				CLANG_WARN_INFINITE_RECURSION = YES;
				CLANG_WARN_INT_CONVERSION = YES;
				CLANG_WARN_NON_LITERAL_NULL_CONVERSION = YES;
				CLANG_WARN_OBJC_IMPLICIT_RETAIN_SELF = YES;
				CLANG_WARN_OBJC_LITERAL_CONVERSION = YES;
				CLANG_WARN_OBJC_ROOT_CLASS = YES_ERROR;
				CLANG_WARN_RANGE_LOOP_ANALYSIS = YES;
				CLANG_WARN_STRICT_PROTOTYPES = YES;
				CLANG_WARN_SUSPICIOUS_MOVE = YES;
				CLANG_WARN_UNGUARDED_AVAILABILITY = YES_AGGRESSIVE;
				CLANG_WARN_UNREACHABLE_CODE = YES;
				CLANG_WARN__DUPLICATE_METHOD_MATCH = YES;
				CODE_SIGN_IDENTITY = "iPhone Developer";
				COPY_PHASE_STRIP = NO;
				DEBUG_INFORMATION_FORMAT = dwarf;
				ENABLE_STRICT_OBJC_MSGSEND = YES;
				ENABLE_TESTABILITY = YES;
				GCC_C_LANGUAGE_STANDARD = gnu11;
				GCC_DYNAMIC_NO_PIC = NO;
				GCC_NO_COMMON_BLOCKS = YES;
				GCC_OPTIMIZATION_LEVEL = 0;
				GCC_PREPROCESSOR_DEFINITIONS = (
					"DEBUG=1",
					"$(inherited)",
				);
				GCC_WARN_64_TO_32_BIT_CONVERSION = YES;
				GCC_WARN_ABOUT_RETURN_TYPE = YES_ERROR;
				GCC_WARN_UNDECLARED_SELECTOR = YES;
				GCC_WARN_UNINITIALIZED_AUTOS = YES_AGGRESSIVE;
				GCC_WARN_UNUSED_FUNCTION = YES;
				GCC_WARN_UNUSED_VARIABLE = YES;
				IPHONEOS_DEPLOYMENT_TARGET = 11.3;
				MTL_ENABLE_DEBUG_INFO = YES;
				ONLY_ACTIVE_ARCH = YES;
				SDKROOT = iphoneos;
				SWIFT_ACTIVE_COMPILATION_CONDITIONS = DEBUG;
				SWIFT_OPTIMIZATION_LEVEL = "-Onone";
			};
			name = Debug;
		};
		29CFFA042133DB9C00128C6F /* Release */ = {
			isa = XCBuildConfiguration;
			buildSettings = {
				ALWAYS_SEARCH_USER_PATHS = NO;
				CLANG_ANALYZER_NONNULL = YES;
				CLANG_ANALYZER_NUMBER_OBJECT_CONVERSION = YES_AGGRESSIVE;
				CLANG_CXX_LANGUAGE_STANDARD = "gnu++14";
				CLANG_CXX_LIBRARY = "libc++";
				CLANG_ENABLE_MODULES = YES;
				CLANG_ENABLE_OBJC_ARC = YES;
				CLANG_ENABLE_OBJC_WEAK = YES;
				CLANG_WARN_BLOCK_CAPTURE_AUTORELEASING = YES;
				CLANG_WARN_BOOL_CONVERSION = YES;
				CLANG_WARN_COMMA = YES;
				CLANG_WARN_CONSTANT_CONVERSION = YES;
				CLANG_WARN_DEPRECATED_OBJC_IMPLEMENTATIONS = YES;
				CLANG_WARN_DIRECT_OBJC_ISA_USAGE = YES_ERROR;
				CLANG_WARN_DOCUMENTATION_COMMENTS = YES;
				CLANG_WARN_EMPTY_BODY = YES;
				CLANG_WARN_ENUM_CONVERSION = YES;
				CLANG_WARN_INFINITE_RECURSION = YES;
				CLANG_WARN_INT_CONVERSION = YES;
				CLANG_WARN_NON_LITERAL_NULL_CONVERSION = YES;
				CLANG_WARN_OBJC_IMPLICIT_RETAIN_SELF = YES;
				CLANG_WARN_OBJC_LITERAL_CONVERSION = YES;
				CLANG_WARN_OBJC_ROOT_CLASS = YES_ERROR;
				CLANG_WARN_RANGE_LOOP_ANALYSIS = YES;
				CLANG_WARN_STRICT_PROTOTYPES = YES;
				CLANG_WARN_SUSPICIOUS_MOVE = YES;
				CLANG_WARN_UNGUARDED_AVAILABILITY = YES_AGGRESSIVE;
				CLANG_WARN_UNREACHABLE_CODE = YES;
				CLANG_WARN__DUPLICATE_METHOD_MATCH = YES;
				CODE_SIGN_IDENTITY = "iPhone Developer";
				COPY_PHASE_STRIP = NO;
				DEBUG_INFORMATION_FORMAT = "dwarf-with-dsym";
				ENABLE_NS_ASSERTIONS = NO;
				ENABLE_STRICT_OBJC_MSGSEND = YES;
				GCC_C_LANGUAGE_STANDARD = gnu11;
				GCC_NO_COMMON_BLOCKS = YES;
				GCC_WARN_64_TO_32_BIT_CONVERSION = YES;
				GCC_WARN_ABOUT_RETURN_TYPE = YES_ERROR;
				GCC_WARN_UNDECLARED_SELECTOR = YES;
				GCC_WARN_UNINITIALIZED_AUTOS = YES_AGGRESSIVE;
				GCC_WARN_UNUSED_FUNCTION = YES;
				GCC_WARN_UNUSED_VARIABLE = YES;
				IPHONEOS_DEPLOYMENT_TARGET = 11.3;
				MTL_ENABLE_DEBUG_INFO = NO;
				SDKROOT = iphoneos;
				SWIFT_COMPILATION_MODE = wholemodule;
				SWIFT_OPTIMIZATION_LEVEL = "-O";
				VALIDATE_PRODUCT = YES;
			};
			name = Release;
		};
		29CFFA062133DB9C00128C6F /* Debug */ = {
			isa = XCBuildConfiguration;
			buildSettings = {
				ASSETCATALOG_COMPILER_APPICON_NAME = AppIcon;
				CODE_SIGN_IDENTITY = "iPhone Developer";
				CODE_SIGN_STYLE = Automatic;
				DEVELOPMENT_TEAM = F8876AFN3K;
				INFOPLIST_FILE = Ginger/Info.plist;
				IPHONEOS_DEPLOYMENT_TARGET = 11.1;
				LD_RUNPATH_SEARCH_PATHS = (
					"$(inherited)",
					"@executable_path/Frameworks",
				);
				PRODUCT_BUNDLE_IDENTIFIER = "Sabrina-Ren.Ginger";
				PRODUCT_NAME = "$(TARGET_NAME)";
				PROVISIONING_PROFILE_SPECIFIER = "";
				SWIFT_VERSION = 4.0;
				TARGETED_DEVICE_FAMILY = "1,2";
			};
			name = Debug;
		};
		29CFFA072133DB9C00128C6F /* Release */ = {
			isa = XCBuildConfiguration;
			buildSettings = {
				ASSETCATALOG_COMPILER_APPICON_NAME = AppIcon;
				CODE_SIGN_IDENTITY = "iPhone Developer";
				CODE_SIGN_STYLE = Automatic;
				DEVELOPMENT_TEAM = F8876AFN3K;
				INFOPLIST_FILE = Ginger/Info.plist;
				IPHONEOS_DEPLOYMENT_TARGET = 11.1;
				LD_RUNPATH_SEARCH_PATHS = (
					"$(inherited)",
					"@executable_path/Frameworks",
				);
				PRODUCT_BUNDLE_IDENTIFIER = "Sabrina-Ren.Ginger";
				PRODUCT_NAME = "$(TARGET_NAME)";
				PROVISIONING_PROFILE_SPECIFIER = "";
				SWIFT_VERSION = 4.0;
				TARGETED_DEVICE_FAMILY = "1,2";
			};
			name = Release;
		};
/* End XCBuildConfiguration section */

/* Begin XCConfigurationList section */
		29CFF9EE2133DB9500128C6F /* Build configuration list for PBXProject "Ginger" */ = {
			isa = XCConfigurationList;
			buildConfigurations = (
				29CFFA032133DB9C00128C6F /* Debug */,
				29CFFA042133DB9C00128C6F /* Release */,
			);
			defaultConfigurationIsVisible = 0;
			defaultConfigurationName = Release;
		};
		29CFFA052133DB9C00128C6F /* Build configuration list for PBXNativeTarget "Ginger" */ = {
			isa = XCConfigurationList;
			buildConfigurations = (
				29CFFA062133DB9C00128C6F /* Debug */,
				29CFFA072133DB9C00128C6F /* Release */,
			);
			defaultConfigurationIsVisible = 0;
			defaultConfigurationName = Release;
		};
/* End XCConfigurationList section */
	};
	rootObject = 29CFF9EB2133DB9500128C6F /* Project object */;
}
